{
  "name": "repl-jrendon-ltran51",
  "lockfileVersion": 3,
  "requires": true,
  "packages": {
    "": {
      "devDependencies": {
        "@clerk/testing": "^1.3.22",
        "@types/node": "^22.9.0"
      }
    },
    "node_modules/@clerk/backend": {
      "version": "1.16.0",
      "resolved": "https://registry.npmjs.org/@clerk/backend/-/backend-1.16.0.tgz",
      "integrity": "sha512-D9sctmUvjAb+nz6/xVOURJ2FuK4z+w4NpVmu9T161mF7Gm5EXyiWYFkGkzhGfqwjShIm5QMMpwK4QQeetDLPPw==",
      "dev": true,
      "license": "MIT",
      "dependencies": {
        "@clerk/shared": "2.12.0",
        "@clerk/types": "4.31.0",
        "cookie": "0.7.0",
        "snakecase-keys": "5.4.4",
        "tslib": "2.4.1"
      },
      "engines": {
        "node": ">=18.17.0"
      }
    },
    "node_modules/@clerk/shared": {
      "version": "2.12.0",
      "resolved": "https://registry.npmjs.org/@clerk/shared/-/shared-2.12.0.tgz",
      "integrity": "sha512-6PgkK93SgsF/Vwp07BMbpbpRWZ+XgxB48r3N6mU+x59zkRiTlr0EeBKec/pRFvm6FGEOOUDO0Q+V2Bs6mo2vPQ==",
      "dev": true,
      "hasInstallScript": true,
      "license": "MIT",
      "dependencies": {
        "@clerk/types": "4.31.0",
        "dequal": "2.0.3",
        "glob-to-regexp": "0.4.1",
        "js-cookie": "3.0.5",
        "std-env": "^3.7.0",
        "swr": "^2.2.0"
      },
      "engines": {
        "node": ">=18.17.0"
      },
      "peerDependencies": {
        "react": "^18 || ^19.0.0-0",
        "react-dom": "^18 || ^19.0.0-0"
      },
      "peerDependenciesMeta": {
        "react": {
          "optional": true
        },
        "react-dom": {
          "optional": true
        }
      }
    },
    "node_modules/@clerk/testing": {
      "version": "1.3.22",
      "resolved": "https://registry.npmjs.org/@clerk/testing/-/testing-1.3.22.tgz",
      "integrity": "sha512-Kuz3jXZUvnHf+D4luSo3k8oLEMbZ3SPQyWHPjIJ5q7m4MLrV0D7IiFXhVCHmc672VCury1ZIhXIbXg+eYisl5g==",
      "dev": true,
      "license": "MIT",
      "dependencies": {
        "@clerk/backend": "1.16.0",
        "@clerk/shared": "2.12.0",
        "@clerk/types": "4.31.0",
        "dotenv": "16.4.5"
      },
      "engines": {
        "node": ">=18.17.0"
      },
      "peerDependencies": {
        "@playwright/test": "^1",
        "cypress": "^13"
      },
      "peerDependenciesMeta": {
        "@playwright/test": {
          "optional": true
        },
        "cypress": {
          "optional": true
        }
      }
    },
    "node_modules/@clerk/types": {
      "version": "4.31.0",
      "resolved": "https://registry.npmjs.org/@clerk/types/-/types-4.31.0.tgz",
      "integrity": "sha512-Cs+4fcVr404IWYVcucZXHCg8xUyghQkjSI98Bw+5XdkTdMThIYcjCuaF1g1da4SkMWlzfQYpIxQOc7lXvhKJ6Q==",
      "dev": true,
      "license": "MIT",
      "dependencies": {
        "csstype": "3.1.1"
      },
      "engines": {
        "node": ">=18.17.0"
      }
    },
    "node_modules/@types/node": {
      "version": "22.9.0",
      "resolved": "https://registry.npmjs.org/@types/node/-/node-22.9.0.tgz",
      "integrity": "sha512-vuyHg81vvWA1Z1ELfvLko2c8f34gyA0zaic0+Rllc5lbCnbSyuvb2Oxpm6TAUAC/2xZN3QGqxBNggD1nNR2AfQ==",
      "dev": true,
      "license": "MIT",
      "dependencies": {
        "undici-types": "~6.19.8"
      }
    },
    "node_modules/client-only": {
      "version": "0.0.1",
      "resolved": "https://registry.npmjs.org/client-only/-/client-only-0.0.1.tgz",
      "integrity": "sha512-IV3Ou0jSMzZrd3pZ48nLkT9DA7Ag1pnPzaiQhpW7c3RbcqqzvzzVu+L8gfqMp/8IM2MQtSiqaCxrrcfu8I8rMA==",
      "dev": true,
      "license": "MIT"
    },
    "node_modules/cookie": {
      "version": "0.7.0",
      "resolved": "https://registry.npmjs.org/cookie/-/cookie-0.7.0.tgz",
      "integrity": "sha512-qCf+V4dtlNhSRXGAZatc1TasyFO6GjohcOul807YOb5ik3+kQSnb4d7iajeCL8QHaJ4uZEjCgiCJerKXwdRVlQ==",
      "dev": true,
      "license": "MIT",
      "engines": {
        "node": ">= 0.6"
      }
    },
    "node_modules/csstype": {
      "version": "3.1.1",
      "resolved": "https://registry.npmjs.org/csstype/-/csstype-3.1.1.tgz",
      "integrity": "sha512-DJR/VvkAvSZW9bTouZue2sSxDwdTN92uHjqeKVm+0dAqdfNykRzQ95tay8aXMBAAPpUiq4Qcug2L7neoRh2Egw==",
      "dev": true,
      "license": "MIT"
    },
    "node_modules/dequal": {
      "version": "2.0.3",
      "resolved": "https://registry.npmjs.org/dequal/-/dequal-2.0.3.tgz",
      "integrity": "sha512-0je+qPKHEMohvfRTCEo3CrPG6cAzAYgmzKyxRiYSSDkS6eGJdyVJm7WaYA5ECaAD9wLB2T4EEeymA5aFVcYXCA==",
      "dev": true,
      "license": "MIT",
      "engines": {
        "node": ">=6"
      }
    },
    "node_modules/dot-case": {
      "version": "3.0.4",
      "resolved": "https://registry.npmjs.org/dot-case/-/dot-case-3.0.4.tgz",
      "integrity": "sha512-Kv5nKlh6yRrdrGvxeJ2e5y2eRUpkUosIW4A2AS38zwSz27zu7ufDwQPi5Jhs3XAlGNetl3bmnGhQsMtkKJnj3w==",
      "dev": true,
      "license": "MIT",
      "dependencies": {
        "no-case": "^3.0.4",
        "tslib": "^2.0.3"
      }
    },
    "node_modules/dotenv": {
      "version": "16.4.5",
      "resolved": "https://registry.npmjs.org/dotenv/-/dotenv-16.4.5.tgz",
      "integrity": "sha512-ZmdL2rui+eB2YwhsWzjInR8LldtZHGDoQ1ugH85ppHKwpUHL7j7rN0Ti9NCnGiQbhaZ11FpR+7ao1dNsmduNUg==",
      "dev": true,
      "license": "BSD-2-Clause",
      "engines": {
        "node": ">=12"
      },
      "funding": {
        "url": "https://dotenvx.com"
      }
    },
    "node_modules/glob-to-regexp": {
      "version": "0.4.1",
      "resolved": "https://registry.npmjs.org/glob-to-regexp/-/glob-to-regexp-0.4.1.tgz",
      "integrity": "sha512-lkX1HJXwyMcprw/5YUZc2s7DrpAiHB21/V+E1rHUrVNokkvB6bqMzT0VfV6/86ZNabt1k14YOIaT7nDvOX3Iiw==",
      "dev": true,
      "license": "BSD-2-Clause"
    },
    "node_modules/js-cookie": {
      "version": "3.0.5",
      "resolved": "https://registry.npmjs.org/js-cookie/-/js-cookie-3.0.5.tgz",
      "integrity": "sha512-cEiJEAEoIbWfCZYKWhVwFuvPX1gETRYPw6LlaTKoxD3s2AkXzkCjnp6h0V77ozyqj0jakteJ4YqDJT830+lVGw==",
      "dev": true,
      "license": "MIT",
      "engines": {
        "node": ">=14"
      }
    },
    "node_modules/js-tokens": {
      "version": "4.0.0",
      "resolved": "https://registry.npmjs.org/js-tokens/-/js-tokens-4.0.0.tgz",
      "integrity": "sha512-RdJUflcE3cUzKiMqQgsCu06FPu9UdIJO0beYbPhHN4k6apgJtifcoCtT9bcxOpYBtpD2kCM6Sbzg4CausW/PKQ==",
      "dev": true,
      "license": "MIT",
      "peer": true
    },
    "node_modules/loose-envify": {
      "version": "1.4.0",
      "resolved": "https://registry.npmjs.org/loose-envify/-/loose-envify-1.4.0.tgz",
      "integrity": "sha512-lyuxPGr/Wfhrlem2CL/UcnUc1zcqKAImBDzukY7Y5F/yQiNdko6+fRLevlw1HgMySw7f611UIY408EtxRSoK3Q==",
      "dev": true,
      "license": "MIT",
      "peer": true,
      "dependencies": {
        "js-tokens": "^3.0.0 || ^4.0.0"
      },
      "bin": {
        "loose-envify": "cli.js"
      }
    },
    "node_modules/lower-case": {
      "version": "2.0.2",
      "resolved": "https://registry.npmjs.org/lower-case/-/lower-case-2.0.2.tgz",
      "integrity": "sha512-7fm3l3NAF9WfN6W3JOmf5drwpVqX78JtoGJ3A6W0a6ZnldM41w2fV5D490psKFTpMds8TJse/eHLFFsNHHjHgg==",
      "dev": true,
      "license": "MIT",
      "dependencies": {
        "tslib": "^2.0.3"
      }
    },
    "node_modules/map-obj": {
      "version": "4.3.0",
      "resolved": "https://registry.npmjs.org/map-obj/-/map-obj-4.3.0.tgz",
      "integrity": "sha512-hdN1wVrZbb29eBGiGjJbeP8JbKjq1urkHJ/LIP/NY48MZ1QVXUsQBV1G1zvYFHn1XE06cwjBsOI2K3Ulnj1YXQ==",
      "dev": true,
      "license": "MIT",
      "engines": {
        "node": ">=8"
      },
      "funding": {
        "url": "https://github.com/sponsors/sindresorhus"
      }
    },
    "node_modules/no-case": {
      "version": "3.0.4",
      "resolved": "https://registry.npmjs.org/no-case/-/no-case-3.0.4.tgz",
      "integrity": "sha512-fgAN3jGAh+RoxUGZHTSOLJIqUc2wmoBwGR4tbpNAKmmovFoWq0OdRkb0VkldReO2a2iBT/OEulG9XSUc10r3zg==",
      "dev": true,
      "license": "MIT",
      "dependencies": {
        "lower-case": "^2.0.2",
        "tslib": "^2.0.3"
      }
    },
    "node_modules/react": {
      "version": "18.3.1",
      "resolved": "https://registry.npmjs.org/react/-/react-18.3.1.tgz",
      "integrity": "sha512-wS+hAgJShR0KhEvPJArfuPVN1+Hz1t0Y6n5jLrGQbkb4urgPE/0Rve+1kMB1v/oWgHgm4WIcV+i7F2pTVj+2iQ==",
      "dev": true,
      "license": "MIT",
      "peer": true,
      "dependencies": {
        "loose-envify": "^1.1.0"
      },
      "engines": {
        "node": ">=0.10.0"
      }
    },
    "node_modules/snake-case": {
      "version": "3.0.4",
      "resolved": "https://registry.npmjs.org/snake-case/-/snake-case-3.0.4.tgz",
      "integrity": "sha512-LAOh4z89bGQvl9pFfNF8V146i7o7/CqFPbqzYgP+yYzDIDeS9HaNFtXABamRW+AQzEVODcvE79ljJ+8a9YSdMg==",
      "dev": true,
      "license": "MIT",
      "dependencies": {
        "dot-case": "^3.0.4",
        "tslib": "^2.0.3"
      }
    },
    "node_modules/snakecase-keys": {
      "version": "5.4.4",
      "resolved": "https://registry.npmjs.org/snakecase-keys/-/snakecase-keys-5.4.4.tgz",
      "integrity": "sha512-YTywJG93yxwHLgrYLZjlC75moVEX04LZM4FHfihjHe1FCXm+QaLOFfSf535aXOAd0ArVQMWUAe8ZPm4VtWyXaA==",
      "dev": true,
      "license": "MIT",
      "dependencies": {
        "map-obj": "^4.1.0",
        "snake-case": "^3.0.4",
        "type-fest": "^2.5.2"
      },
      "engines": {
        "node": ">=12"
      }
    },
    "node_modules/std-env": {
      "version": "3.8.0",
      "resolved": "https://registry.npmjs.org/std-env/-/std-env-3.8.0.tgz",
      "integrity": "sha512-Bc3YwwCB+OzldMxOXJIIvC6cPRWr/LxOp48CdQTOkPyk/t4JWWJbrilwBd7RJzKV8QW7tJkcgAmeuLLJugl5/w==",
      "dev": true,
      "license": "MIT"
    },
    "node_modules/swr": {
      "version": "2.2.5",
      "resolved": "https://registry.npmjs.org/swr/-/swr-2.2.5.tgz",
      "integrity": "sha512-QtxqyclFeAsxEUeZIYmsaQ0UjimSq1RZ9Un7I68/0ClKK/U3LoyQunwkQfJZr2fc22DfIXLNDc2wFyTEikCUpg==",
      "dev": true,
      "license": "MIT",
      "dependencies": {
        "client-only": "^0.0.1",
        "use-sync-external-store": "^1.2.0"
      },
      "peerDependencies": {
        "react": "^16.11.0 || ^17.0.0 || ^18.0.0"
      }
    },
    "node_modules/tslib": {
      "version": "2.4.1",
      "resolved": "https://registry.npmjs.org/tslib/-/tslib-2.4.1.tgz",
      "integrity": "sha512-tGyy4dAjRIEwI7BzsB0lynWgOpfqjUdq91XXAlIWD2OwKBH7oCl/GZG/HT4BOHrTlPMOASlMQ7veyTqpmRcrNA==",
      "dev": true,
      "license": "0BSD"
    },
    "node_modules/type-fest": {
      "version": "2.19.0",
      "resolved": "https://registry.npmjs.org/type-fest/-/type-fest-2.19.0.tgz",
      "integrity": "sha512-RAH822pAdBgcNMAfWnCBU3CFZcfZ/i1eZjwFU/dsLKumyuuP3niueg2UAukXYF0E2AAoc82ZSSf9J0WQBinzHA==",
      "dev": true,
      "license": "(MIT OR CC0-1.0)",
      "engines": {
        "node": ">=12.20"
      },
      "funding": {
        "url": "https://github.com/sponsors/sindresorhus"
      }
    },
    "node_modules/undici-types": {
      "version": "6.19.8",
      "resolved": "https://registry.npmjs.org/undici-types/-/undici-types-6.19.8.tgz",
      "integrity": "sha512-ve2KP6f/JnbPBFyobGHuerC9g1FYGn/F8n1LWTwNxCEzd6IfqTwUQcNXgEtmmQ6DlRrC1hrSrBnCZPokRrDHjw==",
      "dev": true,
      "license": "MIT"
    },
    "node_modules/use-sync-external-store": {
      "version": "1.2.2",
      "resolved": "https://registry.npmjs.org/use-sync-external-store/-/use-sync-external-store-1.2.2.tgz",
      "integrity": "sha512-PElTlVMwpblvbNqQ82d2n6RjStvdSoNe9FG28kNfz3WiXilJm4DdNkEzRhCZuIDwY8U08WVihhGR5iRqAwfDiw==",
      "dev": true,
      "license": "MIT",
      "peerDependencies": {
        "react": "^16.8.0 || ^17.0.0 || ^18.0.0"
      }
    }
  }
}
